<?xml version="1.0" encoding="utf-8"?>
<Project ToolsVersion="4.0" xmlns="http://schemas.microsoft.com/developer/msbuild/2003">
  <ItemGroup>
    <Filter Include="Source Files">
      <UniqueIdentifier>{4FC737F1-C7A5-4376-A066-2A32D752A2FF}</UniqueIdentifier>
      <Extensions>cpp;c;cc;cxx;c++;cppm;ixx;def;odl;idl;hpj;bat;asm;asmx</Extensions>
    </Filter>
    <Filter Include="Header Files">
      <UniqueIdentifier>{93995380-89BD-4b04-88EB-625FBE52EBFB}</UniqueIdentifier>
      <Extensions>h;hh;hpp;hxx;h++;hm;inl;inc;ipp;xsd</Extensions>
    </Filter>
    <Filter Include="Resource Files">
      <UniqueIdentifier>{67DA6AB6-F800-4c08-8B7A-83BB121AAD01}</UniqueIdentifier>
      <Extensions>rc;ico;cur;bmp;dlg;rc2;rct;bin;rgs;gif;jpg;jpeg;jpe;resx;tiff;tif;png;wav;mfcribbon-ms</Extensions>
    </Filter>
    <Filter Include="Source Files\Application">
      <UniqueIdentifier>{2679392a-2f6f-40fc-97fa-7c415ec2323f}</UniqueIdentifier>
    </Filter>
    <Filter Include="Header Files\Application">
      <UniqueIdentifier>{3b759018-a5a8-40ce-9359-29d71c7ff849}</UniqueIdentifier>
    </Filter>
    <Filter Include="Header Files\Vulkan">
      <UniqueIdentifier>{59d71b2b-59c7-47ea-9167-e73b8d36467c}</UniqueIdentifier>
    </Filter>
    <Filter Include="Header Files\Window">
      <UniqueIdentifier>{41e73639-e287-4f83-a91d-543b055524bb}</UniqueIdentifier>
    </Filter>
    <Filter Include="Source Files\Window">
      <UniqueIdentifier>{2ce1fc39-de22-4504-86d6-72e18df4abfa}</UniqueIdentifier>
    </Filter>
    <Filter Include="Source Files\Vulkan">
      <UniqueIdentifier>{dc57f23c-3337-4aa1-8d1b-2c6e35b15ec5}</UniqueIdentifier>
    </Filter>
    <Filter Include="Header Files\Application\Hello Triangle Application">
      <UniqueIdentifier>{30193683-5bec-4a4b-ab2a-f49efee19124}</UniqueIdentifier>
    </Filter>
    <Filter Include="Source Files\Application\Hello Triangle Applcation">
      <UniqueIdentifier>{4d71f822-9329-4282-bd23-76663c94aaee}</UniqueIdentifier>
    </Filter>
    <Filter Include="Resource Files\Shaders">
      <UniqueIdentifier>{b3d6f301-12bf-4c32-8974-4d94b53f0007}</UniqueIdentifier>
    </Filter>
    <Filter Include="Resource Files\Shaders\Shader Modules">
      <UniqueIdentifier>{db5c240a-eec7-4934-ab5b-b8f34de59a27}</UniqueIdentifier>
    </Filter>
    <Filter Include="Header Files\Utils">
      <UniqueIdentifier>{42d1f9e4-68e7-4e78-ad57-5f6de5da5d2e}</UniqueIdentifier>
    </Filter>
    <Filter Include="Header Files\Utils\File System">
      <UniqueIdentifier>{db7d5a60-9af2-48c2-8112-d1ffa6cad3f8}</UniqueIdentifier>
    </Filter>
    <Filter Include="Resource Files\Shaders\Shader Modules\Compiled">
      <UniqueIdentifier>{16daab34-649f-4e7a-83e5-f9cff2b0764a}</UniqueIdentifier>
    </Filter>
    <Filter Include="Resource Files\Shaders\Shader Modules\Source">
      <UniqueIdentifier>{430ca2f3-60b2-43a9-8abe-127d9c2839b7}</UniqueIdentifier>
    </Filter>
  </ItemGroup>
  <ItemGroup>
    <ClInclude Include="src\window\glfw_window.h">
      <Filter>Header Files\Window</Filter>
    </ClInclude>
    <ClInclude Include="src\application\hello_triangle_application\hello_triangle_application.h">
      <Filter>Header Files\Application\Hello Triangle Application</Filter>
    </ClInclude>
    <ClInclude Include="src\main.h">
      <Filter>Header Files</Filter>
    </ClInclude>
    <ClInclude Include="src\vulkan\vulkan_api.h">
      <Filter>Header Files\Vulkan</Filter>
    </ClInclude>
    <ClInclude Include="src\utils\file_system\file_system.h">
      <Filter>Header Files\Utils\File System</Filter>
    </ClInclude>
  </ItemGroup>
  <ItemGroup>
    <ClCompile Include="src\window\glfw_window.cpp">
      <Filter>Source Files\Window</Filter>
    </ClCompile>
    <ClCompile Include="src\main.cpp">
      <Filter>Source Files</Filter>
    </ClCompile>
    <ClCompile Include="src\application\hello_triangle_application\hello_triangle_application.cpp">
      <Filter>Source Files\Application\Hello Triangle Applcation</Filter>
    </ClCompile>
    <ClCompile Include="src\vulkan\vulkan_api.cpp">
      <Filter>Source Files\Vulkan</Filter>
    </ClCompile>
    <ClCompile Include="src\utils\file_system\file_system.cpp">
      <Filter>Header Files\Utils\File System</Filter>
    </ClCompile>
  </ItemGroup>
  <ItemGroup>
    <None Include="src\shaders\shader-modules\shader.frag">
      <Filter>Resource Files\Shaders\Shader Modules\Source</Filter>
    </None>
    <None Include="src\shaders\shader-modules\shader.vert">
      <Filter>Resource Files\Shaders\Shader Modules\Source</Filter>
    </None>
    <None Include="src\shaders\shader-modules\frag.spv">
      <Filter>Resource Files\Shaders\Shader Modules\Compiled</Filter>
    </None>
    <None Include="src\shaders\shader-modules\vert.spv">
      <Filter>Resource Files\Shaders\Shader Modules\Compiled</Filter>
    </None>
  </ItemGroup>
</Project>